
Microsoft Visual Studio Solution File, Format Version 12.00
# Visual Studio 2012
Project("{FAE04EC0-301F-11D3-BF4B-00C04F79EFBC}") = "BrainShare", "BrainShare\BrainShare.csproj", "{8B6B00B6-3983-4B85-90DC-098B2CC202D3}"
EndProject
Project("{FAE04EC0-301F-11D3-BF4B-00C04F79EFBC}") = "BrainShare.EmailMessaging", "BrainShare.EmailMessaging\BrainShare.EmailMessaging.csproj", "{CF1C7829-94B5-4E73-95B9-1AF821088A45}"
EndProject
Global
	GlobalSection(SolutionConfigurationPlatforms) = preSolution
		Debug|Any CPU = Debug|Any CPU
		Release|Any CPU = Release|Any CPU
	EndGlobalSection
	GlobalSection(ProjectConfigurationPlatforms) = postSolution
		{8B6B00B6-3983-4B85-90DC-098B2CC202D3}.Debug|Any CPU.ActiveCfg = Debug|Any CPU
		{8B6B00B6-3983-4B85-90DC-098B2CC202D3}.Debug|Any CPU.Build.0 = Debug|Any CPU
		{8B6B00B6-3983-4B85-90DC-098B2CC202D3}.Release|Any CPU.ActiveCfg = Release|Any CPU
		{8B6B00B6-3983-4B85-90DC-098B2CC202D3}.Release|Any CPU.Build.0 = Release|Any CPU
		{CF1C7829-94B5-4E73-95B9-1AF821088A45}.Debug|Any CPU.ActiveCfg = Debug|Any CPU
		{CF1C7829-94B5-4E73-95B9-1AF821088A45}.Debug|Any CPU.Build.0 = Debug|Any CPU
		{CF1C7829-94B5-4E73-95B9-1AF821088A45}.Release|Any CPU.ActiveCfg = Release|Any CPU
		{CF1C7829-94B5-4E73-95B9-1AF821088A45}.Release|Any CPU.Build.0 = Release|Any CPU
	EndGlobalSection
	GlobalSection(SolutionProperties) = preSolution
		HideSolutionNode = FALSE
	EndGlobalSection
	GlobalSection(Performance) = preSolution
		HasPerformanceSessions = true
	EndGlobalSection
EndGlobal
